// !$*UTF8*$!
{
	archiveVersion = 1;
	classes = {
	};
	objectVersion = 46;
	objects = {

/* Begin PBXBuildFile section */
		DD40A1571F38BEEA003C5619 /* AppDelegate.swift in Sources */ = {isa = PBXBuildFile; fileRef = DD40A1561F38BEEA003C5619 /* AppDelegate.swift */; };
		DD40A1591F38BEEA003C5619 /* ViewController.swift in Sources */ = {isa = PBXBuildFile; fileRef = DD40A1581F38BEEA003C5619 /* ViewController.swift */; };
		DD40A15C1F38BEEA003C5619 /* Main.storyboard in Resources */ = {isa = PBXBuildFile; fileRef = DD40A15A1F38BEEA003C5619 /* Main.storyboard */; };
		DD40A15E1F38BEEA003C5619 /* Assets.xcassets in Resources */ = {isa = PBXBuildFile; fileRef = DD40A15D1F38BEEA003C5619 /* Assets.xcassets */; };
		DD40A1611F38BEEA003C5619 /* LaunchScreen.storyboard in Resources */ = {isa = PBXBuildFile; fileRef = DD40A15F1F38BEEA003C5619 /* LaunchScreen.storyboard */; };
/* End PBXBuildFile section */

/* Begin PBXFileReference section */
		DD40A1531F38BEEA003C5619 /* FindCafe.app */ = {isa = PBXFileReference; explicitFileType = wrapper.application; includeInIndex = 0; path = FindCafe.app; sourceTree = BUILT_PRODUCTS_DIR; };
		DD40A1561F38BEEA003C5619 /* AppDelegate.swift */ = {isa = PBXFileReference; lastKnownFileType = sourcecode.swift; path = AppDelegate.swift; sourceTree = "<group>"; };
		DD40A1581F38BEEA003C5619 /* ViewController.swift */ = {isa = PBXFileReference; lastKnownFileType = sourcecode.swift; path = ViewController.swift; sourceTree = "<group>"; };
		DD40A15B1F38BEEA003C5619 /* Base */ = {isa = PBXFileReference; lastKnownFileType = file.storyboard; name = Base; path = Base.lproj/Main.storyboard; sourceTree = "<group>"; };
		DD40A15D1F38BEEA003C5619 /* Assets.xcassets */ = {isa = PBXFileReference; lastKnownFileType = folder.assetcatalog; path = Assets.xcassets; sourceTree = "<group>"; };
		DD40A1601F38BEEA003C5619 /* Base */ = {isa = PBXFileReference; lastKnownFileType = file.storyboard; name = Base; path = Base.lproj/LaunchScreen.storyboard; sourceTree = "<group>"; };
		DD40A1621F38BEEA003C5619 /* Info.plist */ = {isa = PBXFileReference; lastKnownFileType = text.plist.xml; path = Info.plist; sourceTree = "<group>"; };
/* End PBXFileReference section */

/* Begin PBXFrameworksBuildPhase section */
		DD40A1501F38BEEA003C5619 /* Frameworks */ = {
			isa = PBXFrameworksBuildPhase;
			buildActionMask = 2147483647;
			files = (
			);
			runOnlyForDeploymentPostprocessing = 0;
		};
/* End PBXFrameworksBuildPhase section */

/* Begin PBXGroup section */
		DD40A14A1F38BEE9003C5619 = {
			isa = PBXGroup;
			children = (
				DD40A1551F38BEEA003C5619 /* FindCafe */,
				DD40A1541F38BEEA003C5619 /* Products */,
			);
			sourceTree = "<group>";
		};
		DD40A1541F38BEEA003C5619 /* Products */ = {
			isa = PBXGroup;
			children = (
				DD40A1531F38BEEA003C5619 /* FindCafe.app */,
			);
			name = Products;
			sourceTree = "<group>";
		};
		DD40A1551F38BEEA003C5619 /* FindCafe */ = {
			isa = PBXGroup;
			children = (
				DD40A1561F38BEEA003C5619 /* AppDelegate.swift */,
				DD40A1581F38BEEA003C5619 /* ViewController.swift */,
				DD40A15A1F38BEEA003C5619 /* Main.storyboard */,
				DD40A15D1F38BEEA003C5619 /* Assets.xcassets */,
				DD40A15F1F38BEEA003C5619 /* LaunchScreen.storyboard */,
				DD40A1621F38BEEA003C5619 /* Info.plist */,
			);
			path = FindCafe;
			sourceTree = "<group>";
		};
/* End PBXGroup section */

/* Begin PBXNativeTarget section */
		DD40A1521F38BEEA003C5619 /* FindCafe */ = {
			isa = PBXNativeTarget;
			buildConfigurationList = DD40A1651F38BEEA003C5619 /* Build configuration list for PBXNativeTarget "FindCafe" */;
			buildPhases = (
				DD40A14F1F38BEEA003C5619 /* Sources */,
				DD40A1501F38BEEA003C5619 /* Frameworks */,
				DD40A1511F38BEEA003C5619 /* Resources */,
			);
			buildRules = (
			);
			dependencies = (
			);
			name = FindCafe;
			productName = FindCafe;
			productReference = DD40A1531F38BEEA003C5619 /* FindCafe.app */;
			productType = "com.apple.product-type.application";
		};
/* End PBXNativeTarget section */

/* Begin PBXProject section */
		DD40A14B1F38BEE9003C5619 /* Project object */ = {
			isa = PBXProject;
			attributes = {
				LastSwiftUpdateCheck = 0830;
				LastUpgradeCheck = 0830;
				ORGANIZATIONNAME = "Let'sGoBuildApp";
				TargetAttributes = {
					DD40A1521F38BEEA003C5619 = {
						CreatedOnToolsVersion = 8.3.3;
						DevelopmentTeam = S4BK872249;
						ProvisioningStyle = Automatic;
					};
				};
			};
			buildConfigurationList = DD40A14E1F38BEE9003C5619 /* Build configuration list for PBXProject "FindCafe" */;
			compatibilityVersion = "Xcode 3.2";
			developmentRegion = English;
			hasScannedForEncodings = 0;
			knownRegions = (
				en,
				Base,
			);
			mainGroup = DD40A14A1F38BEE9003C5619;
			productRefGroup = DD40A1541F38BEEA003C5619 /* Products */;
			projectDirPath = "";
			projectRoot = "";
			targets = (
				DD40A1521F38BEEA003C5619 /* FindCafe */,
			);
		};
/* End PBXProject section */

/* Begin PBXResourcesBuildPhase section */
		DD40A1511F38BEEA003C5619 /* Resources */ = {
			isa = PBXResourcesBuildPhase;
			buildActionMask = 2147483647;
			files = (
				DD40A1611F38BEEA003C5619 /* LaunchScreen.storyboard in Resources */,
				DD40A15E1F38BEEA003C5619 /* Assets.xcassets in Resources */,
				DD40A15C1F38BEEA003C5619 /* Main.storyboard in Resources */,
			);
			runOnlyForDeploymentPostprocessing = 0;
		};
/* End PBXResourcesBuildPhase section */

/* Begin PBXSourcesBuildPhase section */
		DD40A14F1F38BEEA003C5619 /* Sources */ = {
			isa = PBXSourcesBuildPhase;
			buildActionMask = 2147483647;
			files = (
				DD40A1591F38BEEA003C5619 /* ViewController.swift in Sources */,
				DD40A1571F38BEEA003C5619 /* AppDelegate.swift in Sources */,
			);
			runOnlyForDeploymentPostprocessing = 0;
		};
/* End PBXSourcesBuildPhase section */

/* Begin PBXVariantGroup section */
		DD40A15A1F38BEEA003C5619 /* Main.storyboard */ = {
			isa = PBXVariantGroup;
			children = (
				DD40A15B1F38BEEA003C5619 /* Base */,
			);
			name = Main.storyboard;
			sourceTree = "<group>";
		};
		DD40A15F1F38BEEA003C5619 /* LaunchScreen.storyboard */ = {
			isa = PBXVariantGroup;
			children = (
				DD40A1601F38BEEA003C5619 /* Base */,
			);
			name = LaunchScreen.storyboard;
			sourceTree = "<group>";
		};
/* End PBXVariantGroup section */

/* Begin XCBuildConfiguration section */
		DD40A1631F38BEEA003C5619 /* Debug */ = {
			isa = XCBuildConfiguration;
			buildSettings = {
				ALWAYS_SEARCH_USER_PATHS = NO;
				CLANG_ANALYZER_NONNULL = YES;
				CLANG_ANALYZER_NUMBER_OBJECT_CONVERSION = YES_AGGRESSIVE;
				CLANG_CXX_LANGUAGE_STANDARD = "gnu++0x";
				CLANG_CXX_LIBRARY = "libc++";
				CLANG_ENABLE_MODULES = YES;
				CLANG_ENABLE_OBJC_ARC = YES;
				CLANG_WARN_BOOL_CONVERSION = YES;
				CLANG_WARN_CONSTANT_CONVERSION = YES;
				CLANG_WARN_DIRECT_OBJC_ISA_USAGE = YES_ERROR;
				CLANG_WARN_DOCUMENTATION_COMMENTS = YES;
				CLANG_WARN_EMPTY_BODY = YES;
				CLANG_WARN_ENUM_CONVERSION = YES;
				CLANG_WARN_INFINITE_RECURSION = YES;
				CLANG_WARN_INT_CONVERSION = YES;
				CLANG_WARN_OBJC_ROOT_CLASS = YES_ERROR;
				CLANG_WARN_SUSPICIOUS_MOVE = YES;
				CLANG_WARN_UNREACHABLE_CODE = YES;
				CLANG_WARN__DUPLICATE_METHOD_MATCH = YES;
				"CODE_SIGN_IDENTITY[sdk=iphoneos*]" = "iPhone Developer";
				COPY_PHASE_STRIP = NO;
				DEBUG_INFORMATION_FORMAT = dwarf;
				ENABLE_STRICT_OBJC_MSGSEND = YES;
				ENABLE_TESTABILITY = YES;
				GCC_C_LANGUAGE_STANDARD = gnu99;
				GCC_DYNAMIC_NO_PIC = NO;
				GCC_NO_COMMON_BLOCKS = YES;
				GCC_OPTIMIZATION_LEVEL = 0;
				GCC_PREPROCESSOR_DEFINITIONS = (
					"DEBUG=1",
					"$(inherited)",
				);
				GCC_WARN_64_TO_32_BIT_CONVERSION = YES;
				GCC_WARN_ABOUT_RETURN_TYPE = YES_ERROR;
				GCC_WARN_UNDECLARED_SELECTOR = YES;
				GCC_WARN_UNINITIALIZED_AUTOS = YES_AGGRESSIVE;
				GCC_WARN_UNUSED_FUNCTION = YES;
				GCC_WARN_UNUSED_VARIABLE = YES;
				IPHONEOS_DEPLOYMENT_TARGET = 10.3;
				MTL_ENABLE_DEBUG_INFO = YES;
				ONLY_ACTIVE_ARCH = YES;
				SDKROOT = iphoneos;
				SWIFT_ACTIVE_COMPILATION_CONDITIONS = DEBUG;
				SWIFT_OPTIMIZATION_LEVEL = "-Onone";
				TARGETED_DEVICE_FAMILY = "1,2";
			};
			name = Debug;
		};
		DD40A1641F38BEEA003C5619 /* Release */ = {
			isa = XCBuildConfiguration;
			buildSettings = {
				ALWAYS_SEARCH_USER_PATHS = NO;
				CLANG_ANALYZER_NONNULL = YES;
				CLANG_ANALYZER_NUMBER_OBJECT_CONVERSION = YES_AGGRESSIVE;
				CLANG_CXX_LANGUAGE_STANDARD = "gnu++0x";
				CLANG_CXX_LIBRARY = "libc++";
				CLANG_ENABLE_MODULES = YES;
				CLANG_ENABLE_OBJC_ARC = YES;
				CLANG_WARN_BOOL_CONVERSION = YES;
				CLANG_WARN_CONSTANT_CONVERSION = YES;
				CLANG_WARN_DIRECT_OBJC_ISA_USAGE = YES_ERROR;
				CLANG_WARN_DOCUMENTATION_COMMENTS = YES;
				CLANG_WARN_EMPTY_BODY = YES;
				CLANG_WARN_ENUM_CONVERSION = YES;
				CLANG_WARN_INFINITE_RECURSION = YES;
				CLANG_WARN_INT_CONVERSION = YES;
				CLANG_WARN_OBJC_ROOT_CLASS = YES_ERROR;
				CLANG_WARN_SUSPICIOUS_MOVE = YES;
				CLANG_WARN_UNREACHABLE_CODE = YES;
				CLANG_WARN__DUPLICATE_METHOD_MATCH = YES;
				"CODE_SIGN_IDENTITY[sdk=iphoneos*]" = "iPhone Developer";
				COPY_PHASE_STRIP = NO;
				DEBUG_INFORMATION_FORMAT = "dwarf-with-dsym";
				ENABLE_NS_ASSERTIONS = NO;
				ENABLE_STRICT_OBJC_MSGSEND = YES;
				GCC_C_LANGUAGE_STANDARD = gnu99;
				GCC_NO_COMMON_BLOCKS = YES;
				GCC_WARN_64_TO_32_BIT_CONVERSION = YES;
				GCC_WARN_ABOUT_RETURN_TYPE = YES_ERROR;
				GCC_WARN_UNDECLARED_SELECTOR = YES;
				GCC_WARN_UNINITIALIZED_AUTOS = YES_AGGRESSIVE;
				GCC_WARN_UNUSED_FUNCTION = YES;
				GCC_WARN_UNUSED_VARIABLE = YES;
				IPHONEOS_DEPLOYMENT_TARGET = 10.3;
				MTL_ENABLE_DEBUG_INFO = NO;
				SDKROOT = iphoneos;
				SWIFT_OPTIMIZATION_LEVEL = "-Owholemodule";
				TARGETED_DEVICE_FAMILY = "1,2";
				VALIDATE_PRODUCT = YES;
			};
			name = Release;
		};
		DD40A1661F38BEEA003C5619 /* Debug */ = {
			isa = XCBuildConfiguration;
			buildSettings = {
				ASSETCATALOG_COMPILER_APPICON_NAME = AppIcon;
				DEVELOPMENT_TEAM = S4BK872249;
				INFOPLIST_FILE = FindCafe/Info.plist;
				LD_RUNPATH_SEARCH_PATHS = "$(inherited) @executable_path/Frameworks";
				PRODUCT_BUNDLE_IDENTIFIER = com.letsgobuildapp.FindCafe;
				PRODUCT_NAME = "$(TARGET_NAME)";
				SWIFT_VERSION = 3.0;
			};
			name = Debug;
		};
		DD40A1671F38BEEA003C5619 /* Release */ = {
			isa = XCBuildConfiguration;
			buildSettings = {
				ASSETCATALOG_COMPILER_APPICON_NAME = AppIcon;
				DEVELOPMENT_TEAM = S4BK872249;
				INFOPLIST_FILE = FindCafe/Info.plist;
				LD_RUNPATH_SEARCH_PATHS = "$(inherited) @executable_path/Frameworks";
				PRODUCT_BUNDLE_IDENTIFIER = com.letsgobuildapp.FindCafe;
				PRODUCT_NAME = "$(TARGET_NAME)";
				SWIFT_VERSION = 3.0;
			};
			name = Release;
		};
/* End XCBuildConfiguration section */

/* Begin XCConfigurationList section */
		DD40A14E1F38BEE9003C5619 /* Build configuration list for PBXProject "FindCafe" */ = {
			isa = XCConfigurationList;
			buildConfigurations = (
				DD40A1631F38BEEA003C5619 /* Debug */,
				DD40A1641F38BEEA003C5619 /* Release */,
			);
			defaultConfigurationIsVisible = 0;
			defaultConfigurationName = Release;
		};
		DD40A1651F38BEEA003C5619 /* Build configuration list for PBXNativeTarget "FindCafe" */ = {
			isa = XCConfigurationList;
			buildConfigurations = (
				DD40A1661F38BEEA003C5619 /* Debug */,
				DD40A1671F38BEEA003C5619 /* Release */,
			);
			defaultConfigurationIsVisible = 0;
		};
/* End XCConfigurationList section */
	};
	rootObject = DD40A14B1F38BEE9003C5619 /* Project object */;
}
